// !$*UTF8*$!
{
	archiveVersion = 1;
	classes = {
	};
	objectVersion = 50;
	objects = {

/* Begin PBXBuildFile section */
		1B7ABC2123CCCE3A005A72B9 /* AppDelegate.swift in Sources */ = {isa = PBXBuildFile; fileRef = 1B7ABC2023CCCE3A005A72B9 /* AppDelegate.swift */; };
		1B7ABC2323CCCE3A005A72B9 /* SceneDelegate.swift in Sources */ = {isa = PBXBuildFile; fileRef = 1B7ABC2223CCCE3A005A72B9 /* SceneDelegate.swift */; };
		1B7ABC2523CCCE3A005A72B9 /* ViewController.swift in Sources */ = {isa = PBXBuildFile; fileRef = 1B7ABC2423CCCE3A005A72B9 /* ViewController.swift */; };
		1B7ABC2823CCCE3A005A72B9 /* Main.storyboard in Resources */ = {isa = PBXBuildFile; fileRef = 1B7ABC2623CCCE3A005A72B9 /* Main.storyboard */; };
		1B7ABC2A23CCCE3B005A72B9 /* Assets.xcassets in Resources */ = {isa = PBXBuildFile; fileRef = 1B7ABC2923CCCE3B005A72B9 /* Assets.xcassets */; };
		1B7ABC2D23CCCE3B005A72B9 /* LaunchScreen.storyboard in Resources */ = {isa = PBXBuildFile; fileRef = 1B7ABC2B23CCCE3B005A72B9 /* LaunchScreen.storyboard */; };
		1B7ABC3523CCCF8F005A72B9 /* EntrantType.swift in Sources */ = {isa = PBXBuildFile; fileRef = 1B7ABC3423CCCF8F005A72B9 /* EntrantType.swift */; };
/* End PBXBuildFile section */

/* Begin PBXFileReference section */
		1B7ABC1D23CCCE3A005A72B9 /* Amusement Park II.app */ = {isa = PBXFileReference; explicitFileType = wrapper.application; includeInIndex = 0; path = "Amusement Park II.app"; sourceTree = BUILT_PRODUCTS_DIR; };
		1B7ABC2023CCCE3A005A72B9 /* AppDelegate.swift */ = {isa = PBXFileReference; lastKnownFileType = sourcecode.swift; path = AppDelegate.swift; sourceTree = "<group>"; };
		1B7ABC2223CCCE3A005A72B9 /* SceneDelegate.swift */ = {isa = PBXFileReference; lastKnownFileType = sourcecode.swift; path = SceneDelegate.swift; sourceTree = "<group>"; };
		1B7ABC2423CCCE3A005A72B9 /* ViewController.swift */ = {isa = PBXFileReference; lastKnownFileType = sourcecode.swift; path = ViewController.swift; sourceTree = "<group>"; };
		1B7ABC2723CCCE3A005A72B9 /* Base */ = {isa = PBXFileReference; lastKnownFileType = file.storyboard; name = Base; path = Base.lproj/Main.storyboard; sourceTree = "<group>"; };
		1B7ABC2923CCCE3B005A72B9 /* Assets.xcassets */ = {isa = PBXFileReference; lastKnownFileType = folder.assetcatalog; path = Assets.xcassets; sourceTree = "<group>"; };
		1B7ABC2C23CCCE3B005A72B9 /* Base */ = {isa = PBXFileReference; lastKnownFileType = file.storyboard; name = Base; path = Base.lproj/LaunchScreen.storyboard; sourceTree = "<group>"; };
		1B7ABC2E23CCCE3B005A72B9 /* Info.plist */ = {isa = PBXFileReference; lastKnownFileType = text.plist.xml; path = Info.plist; sourceTree = "<group>"; };
		1B7ABC3423CCCF8F005A72B9 /* EntrantType.swift */ = {isa = PBXFileReference; fileEncoding = 4; lastKnownFileType = sourcecode.swift; path = EntrantType.swift; sourceTree = "<group>"; };
/* End PBXFileReference section */

/* Begin PBXFrameworksBuildPhase section */
		1B7ABC1A23CCCE3A005A72B9 /* Frameworks */ = {
			isa = PBXFrameworksBuildPhase;
			buildActionMask = 2147483647;
			files = (
			);
			runOnlyForDeploymentPostprocessing = 0;
		};
/* End PBXFrameworksBuildPhase section */

/* Begin PBXGroup section */
		1B7ABC1423CCCE3A005A72B9 = {
			isa = PBXGroup;
			children = (
				1B7ABC1F23CCCE3A005A72B9 /* Amusement Park II */,
				1B7ABC1E23CCCE3A005A72B9 /* Products */,
			);
			sourceTree = "<group>";
		};
		1B7ABC1E23CCCE3A005A72B9 /* Products */ = {
			isa = PBXGroup;
			children = (
				1B7ABC1D23CCCE3A005A72B9 /* Amusement Park II.app */,
			);
			name = Products;
			sourceTree = "<group>";
		};
		1B7ABC1F23CCCE3A005A72B9 /* Amusement Park II */ = {
			isa = PBXGroup;
			children = (
				1B7ABC3823CCCFCC005A72B9 /* Storyboards */,
				1B7ABC3923CCCFDD005A72B9 /* ViewControllers */,
				1B7ABC3D23CCD016005A72B9 /* Guests */,
				1B7ABC3C23CCD00F005A72B9 /* Employees */,
				1B7ABC3A23CCD000005A72B9 /* Entrants */,
				1B7ABC3623CCCFA2005A72B9 /* Model Types */,
				1B7ABC3723CCCFC3005A72B9 /* Resources */,
			);
			path = "Amusement Park II";
			sourceTree = "<group>";
		};
		1B7ABC3623CCCFA2005A72B9 /* Model Types */ = {
			isa = PBXGroup;
			children = (
				1B7ABC3423CCCF8F005A72B9 /* EntrantType.swift */,
			);
			path = "Model Types";
			sourceTree = "<group>";
		};
		1B7ABC3723CCCFC3005A72B9 /* Resources */ = {
			isa = PBXGroup;
			children = (
				1B7ABC2023CCCE3A005A72B9 /* AppDelegate.swift */,
				1B7ABC2223CCCE3A005A72B9 /* SceneDelegate.swift */,
				1B7ABC2923CCCE3B005A72B9 /* Assets.xcassets */,
				1B7ABC2B23CCCE3B005A72B9 /* LaunchScreen.storyboard */,
				1B7ABC2E23CCCE3B005A72B9 /* Info.plist */,
			);
			path = Resources;
			sourceTree = "<group>";
		};
		1B7ABC3823CCCFCC005A72B9 /* Storyboards */ = {
			isa = PBXGroup;
			children = (
				1B7ABC2623CCCE3A005A72B9 /* Main.storyboard */,
			);
			path = Storyboards;
			sourceTree = "<group>";
		};
		1B7ABC3923CCCFDD005A72B9 /* ViewControllers */ = {
			isa = PBXGroup;
			children = (
				1B7ABC2423CCCE3A005A72B9 /* ViewController.swift */,
			);
			path = ViewControllers;
			sourceTree = "<group>";
		};
		1B7ABC3A23CCD000005A72B9 /* Entrants */ = {
			isa = PBXGroup;
			children = (
			);
			path = Entrants;
			sourceTree = "<group>";
		};
		1B7ABC3C23CCD00F005A72B9 /* Employees */ = {
			isa = PBXGroup;
			children = (
			);
			path = Employees;
			sourceTree = "<group>";
		};
		1B7ABC3D23CCD016005A72B9 /* Guests */ = {
			isa = PBXGroup;
			children = (
			);
			path = Guests;
			sourceTree = "<group>";
		};
/* End PBXGroup section */

/* Begin PBXNativeTarget section */
		1B7ABC1C23CCCE3A005A72B9 /* Amusement Park II */ = {
			isa = PBXNativeTarget;
			buildConfigurationList = 1B7ABC3123CCCE3B005A72B9 /* Build configuration list for PBXNativeTarget "Amusement Park II" */;
			buildPhases = (
				1B7ABC1923CCCE3A005A72B9 /* Sources */,
				1B7ABC1A23CCCE3A005A72B9 /* Frameworks */,
				1B7ABC1B23CCCE3A005A72B9 /* Resources */,
			);
			buildRules = (
			);
			dependencies = (
			);
			name = "Amusement Park II";
			productName = "Amusement Park II";
			productReference = 1B7ABC1D23CCCE3A005A72B9 /* Amusement Park II.app */;
			productType = "com.apple.product-type.application";
		};
/* End PBXNativeTarget section */

/* Begin PBXProject section */
		1B7ABC1523CCCE3A005A72B9 /* Project object */ = {
			isa = PBXProject;
			attributes = {
				LastSwiftUpdateCheck = 1130;
				LastUpgradeCheck = 1130;
				ORGANIZATIONNAME = "Michael Flowers";
				TargetAttributes = {
					1B7ABC1C23CCCE3A005A72B9 = {
						CreatedOnToolsVersion = 11.3;
					};
				};
			};
			buildConfigurationList = 1B7ABC1823CCCE3A005A72B9 /* Build configuration list for PBXProject "Amusement Park II" */;
			compatibilityVersion = "Xcode 9.3";
			developmentRegion = en;
			hasScannedForEncodings = 0;
			knownRegions = (
				en,
				Base,
			);
			mainGroup = 1B7ABC1423CCCE3A005A72B9;
			productRefGroup = 1B7ABC1E23CCCE3A005A72B9 /* Products */;
			projectDirPath = "";
			projectRoot = "";
			targets = (
				1B7ABC1C23CCCE3A005A72B9 /* Amusement Park II */,
			);
		};
/* End PBXProject section */

/* Begin PBXResourcesBuildPhase section */
		1B7ABC1B23CCCE3A005A72B9 /* Resources */ = {
			isa = PBXResourcesBuildPhase;
			buildActionMask = 2147483647;
			files = (
				1B7ABC2D23CCCE3B005A72B9 /* LaunchScreen.storyboard in Resources */,
				1B7ABC2A23CCCE3B005A72B9 /* Assets.xcassets in Resources */,
				1B7ABC2823CCCE3A005A72B9 /* Main.storyboard in Resources */,
			);
			runOnlyForDeploymentPostprocessing = 0;
		};
/* End PBXResourcesBuildPhase section */

/* Begin PBXSourcesBuildPhase section */
		1B7ABC1923CCCE3A005A72B9 /* Sources */ = {
			isa = PBXSourcesBuildPhase;
			buildActionMask = 2147483647;
			files = (
				1B7ABC2523CCCE3A005A72B9 /* ViewController.swift in Sources */,
				1B7ABC2123CCCE3A005A72B9 /* AppDelegate.swift in Sources */,
				1B7ABC3523CCCF8F005A72B9 /* EntrantType.swift in Sources */,
				1B7ABC2323CCCE3A005A72B9 /* SceneDelegate.swift in Sources */,
			);
			runOnlyForDeploymentPostprocessing = 0;
		};
/* End PBXSourcesBuildPhase section */

/* Begin PBXVariantGroup section */
		1B7ABC2623CCCE3A005A72B9 /* Main.storyboard */ = {
			isa = PBXVariantGroup;
			children = (
				1B7ABC2723CCCE3A005A72B9 /* Base */,
			);
			name = Main.storyboard;
			sourceTree = "<group>";
		};
		1B7ABC2B23CCCE3B005A72B9 /* LaunchScreen.storyboard */ = {
			isa = PBXVariantGroup;
			children = (
				1B7ABC2C23CCCE3B005A72B9 /* Base */,
			);
			name = LaunchScreen.storyboard;
			sourceTree = "<group>";
		};
/* End PBXVariantGroup section */

/* Begin XCBuildConfiguration section */
		1B7ABC2F23CCCE3B005A72B9 /* Debug */ = {
			isa = XCBuildConfiguration;
			buildSettings = {
				ALWAYS_SEARCH_USER_PATHS = NO;
				CLANG_ANALYZER_NONNULL = YES;
				CLANG_ANALYZER_NUMBER_OBJECT_CONVERSION = YES_AGGRESSIVE;
				CLANG_CXX_LANGUAGE_STANDARD = "gnu++14";
				CLANG_CXX_LIBRARY = "libc++";
				CLANG_ENABLE_MODULES = YES;
				CLANG_ENABLE_OBJC_ARC = YES;
				CLANG_ENABLE_OBJC_WEAK = YES;
				CLANG_WARN_BLOCK_CAPTURE_AUTORELEASING = YES;
				CLANG_WARN_BOOL_CONVERSION = YES;
				CLANG_WARN_COMMA = YES;
				CLANG_WARN_CONSTANT_CONVERSION = YES;
				CLANG_WARN_DEPRECATED_OBJC_IMPLEMENTATIONS = YES;
				CLANG_WARN_DIRECT_OBJC_ISA_USAGE = YES_ERROR;
				CLANG_WARN_DOCUMENTATION_COMMENTS = YES;
				CLANG_WARN_EMPTY_BODY = YES;
				CLANG_WARN_ENUM_CONVERSION = YES;
				CLANG_WARN_INFINITE_RECURSION = YES;
				CLANG_WARN_INT_CONVERSION = YES;
				CLANG_WARN_NON_LITERAL_NULL_CONVERSION = YES;
				CLANG_WARN_OBJC_IMPLICIT_RETAIN_SELF = YES;
				CLANG_WARN_OBJC_LITERAL_CONVERSION = YES;
				CLANG_WARN_OBJC_ROOT_CLASS = YES_ERROR;
				CLANG_WARN_RANGE_LOOP_ANALYSIS = YES;
				CLANG_WARN_STRICT_PROTOTYPES = YES;
				CLANG_WARN_SUSPICIOUS_MOVE = YES;
				CLANG_WARN_UNGUARDED_AVAILABILITY = YES_AGGRESSIVE;
				CLANG_WARN_UNREACHABLE_CODE = YES;
				CLANG_WARN__DUPLICATE_METHOD_MATCH = YES;
				COPY_PHASE_STRIP = NO;
				DEBUG_INFORMATION_FORMAT = dwarf;
				ENABLE_STRICT_OBJC_MSGSEND = YES;
				ENABLE_TESTABILITY = YES;
				GCC_C_LANGUAGE_STANDARD = gnu11;
				GCC_DYNAMIC_NO_PIC = NO;
				GCC_NO_COMMON_BLOCKS = YES;
				GCC_OPTIMIZATION_LEVEL = 0;
				GCC_PREPROCESSOR_DEFINITIONS = (
					"DEBUG=1",
					"$(inherited)",
				);
				GCC_WARN_64_TO_32_BIT_CONVERSION = YES;
				GCC_WARN_ABOUT_RETURN_TYPE = YES_ERROR;
				GCC_WARN_UNDECLARED_SELECTOR = YES;
				GCC_WARN_UNINITIALIZED_AUTOS = YES_AGGRESSIVE;
				GCC_WARN_UNUSED_FUNCTION = YES;
				GCC_WARN_UNUSED_VARIABLE = YES;
				IPHONEOS_DEPLOYMENT_TARGET = 13.2;
				MTL_ENABLE_DEBUG_INFO = INCLUDE_SOURCE;
				MTL_FAST_MATH = YES;
				ONLY_ACTIVE_ARCH = YES;
				SDKROOT = iphoneos;
				SWIFT_ACTIVE_COMPILATION_CONDITIONS = DEBUG;
				SWIFT_OPTIMIZATION_LEVEL = "-Onone";
			};
			name = Debug;
		};
		1B7ABC3023CCCE3B005A72B9 /* Release */ = {
			isa = XCBuildConfiguration;
			buildSettings = {
				ALWAYS_SEARCH_USER_PATHS = NO;
				CLANG_ANALYZER_NONNULL = YES;
				CLANG_ANALYZER_NUMBER_OBJECT_CONVERSION = YES_AGGRESSIVE;
				CLANG_CXX_LANGUAGE_STANDARD = "gnu++14";
				CLANG_CXX_LIBRARY = "libc++";
				CLANG_ENABLE_MODULES = YES;
				CLANG_ENABLE_OBJC_ARC = YES;
				CLANG_ENABLE_OBJC_WEAK = YES;
				CLANG_WARN_BLOCK_CAPTURE_AUTORELEASING = YES;
				CLANG_WARN_BOOL_CONVERSION = YES;
				CLANG_WARN_COMMA = YES;
				CLANG_WARN_CONSTANT_CONVERSION = YES;
				CLANG_WARN_DEPRECATED_OBJC_IMPLEMENTATIONS = YES;
				CLANG_WARN_DIRECT_OBJC_ISA_USAGE = YES_ERROR;
				CLANG_WARN_DOCUMENTATION_COMMENTS = YES;
				CLANG_WARN_EMPTY_BODY = YES;
				CLANG_WARN_ENUM_CONVERSION = YES;
				CLANG_WARN_INFINITE_RECURSION = YES;
				CLANG_WARN_INT_CONVERSION = YES;
				CLANG_WARN_NON_LITERAL_NULL_CONVERSION = YES;
				CLANG_WARN_OBJC_IMPLICIT_RETAIN_SELF = YES;
				CLANG_WARN_OBJC_LITERAL_CONVERSION = YES;
				CLANG_WARN_OBJC_ROOT_CLASS = YES_ERROR;
				CLANG_WARN_RANGE_LOOP_ANALYSIS = YES;
				CLANG_WARN_STRICT_PROTOTYPES = YES;
				CLANG_WARN_SUSPICIOUS_MOVE = YES;
				CLANG_WARN_UNGUARDED_AVAILABILITY = YES_AGGRESSIVE;
				CLANG_WARN_UNREACHABLE_CODE = YES;
				CLANG_WARN__DUPLICATE_METHOD_MATCH = YES;
				COPY_PHASE_STRIP = NO;
				DEBUG_INFORMATION_FORMAT = "dwarf-with-dsym";
				ENABLE_NS_ASSERTIONS = NO;
				ENABLE_STRICT_OBJC_MSGSEND = YES;
				GCC_C_LANGUAGE_STANDARD = gnu11;
				GCC_NO_COMMON_BLOCKS = YES;
				GCC_WARN_64_TO_32_BIT_CONVERSION = YES;
				GCC_WARN_ABOUT_RETURN_TYPE = YES_ERROR;
				GCC_WARN_UNDECLARED_SELECTOR = YES;
				GCC_WARN_UNINITIALIZED_AUTOS = YES_AGGRESSIVE;
				GCC_WARN_UNUSED_FUNCTION = YES;
				GCC_WARN_UNUSED_VARIABLE = YES;
				IPHONEOS_DEPLOYMENT_TARGET = 13.2;
				MTL_ENABLE_DEBUG_INFO = NO;
				MTL_FAST_MATH = YES;
				SDKROOT = iphoneos;
				SWIFT_COMPILATION_MODE = wholemodule;
				SWIFT_OPTIMIZATION_LEVEL = "-O";
				VALIDATE_PRODUCT = YES;
			};
			name = Release;
		};
		1B7ABC3223CCCE3B005A72B9 /* Debug */ = {
			isa = XCBuildConfiguration;
			buildSettings = {
				ASSETCATALOG_COMPILER_APPICON_NAME = AppIcon;
				CODE_SIGN_STYLE = Automatic;
				DEVELOPMENT_TEAM = X4W7EQ4E4R;
				INFOPLIST_FILE = "Amusement Park II/Info.plist";
				LD_RUNPATH_SEARCH_PATHS = (
					"$(inherited)",
					"@executable_path/Frameworks",
				);
				PRODUCT_BUNDLE_IDENTIFIER = "flowers.Amusement-Park-II";
				PRODUCT_NAME = "$(TARGET_NAME)";
				SWIFT_VERSION = 5.0;
				TARGETED_DEVICE_FAMILY = "1,2";
			};
			name = Debug;
		};
		1B7ABC3323CCCE3B005A72B9 /* Release */ = {
			isa = XCBuildConfiguration;
			buildSettings = {
				ASSETCATALOG_COMPILER_APPICON_NAME = AppIcon;
				CODE_SIGN_STYLE = Automatic;
				DEVELOPMENT_TEAM = X4W7EQ4E4R;
				INFOPLIST_FILE = "Amusement Park II/Info.plist";
				LD_RUNPATH_SEARCH_PATHS = (
					"$(inherited)",
					"@executable_path/Frameworks",
				);
				PRODUCT_BUNDLE_IDENTIFIER = "flowers.Amusement-Park-II";
				PRODUCT_NAME = "$(TARGET_NAME)";
				SWIFT_VERSION = 5.0;
				TARGETED_DEVICE_FAMILY = "1,2";
			};
			name = Release;
		};
/* End XCBuildConfiguration section */

/* Begin XCConfigurationList section */
		1B7ABC1823CCCE3A005A72B9 /* Build configuration list for PBXProject "Amusement Park II" */ = {
			isa = XCConfigurationList;
			buildConfigurations = (
				1B7ABC2F23CCCE3B005A72B9 /* Debug */,
				1B7ABC3023CCCE3B005A72B9 /* Release */,
			);
			defaultConfigurationIsVisible = 0;
			defaultConfigurationName = Release;
		};
		1B7ABC3123CCCE3B005A72B9 /* Build configuration list for PBXNativeTarget "Amusement Park II" */ = {
			isa = XCConfigurationList;
			buildConfigurations = (
				1B7ABC3223CCCE3B005A72B9 /* Debug */,
				1B7ABC3323CCCE3B005A72B9 /* Release */,
			);
			defaultConfigurationIsVisible = 0;
			defaultConfigurationName = Release;
		};
/* End XCConfigurationList section */
	};
	rootObject = 1B7ABC1523CCCE3A005A72B9 /* Project object */;
}
